
Microsoft Visual Studio Solution File, Format Version 12.00
# Visual Studio Version 16
VisualStudioVersion = 16.0.30907.101
MinimumVisualStudioVersion = 10.0.40219.1
Project("{FAE04EC0-301F-11D3-BF4B-00C04F79EFBC}") = "encryptor", "encryptor.csproj", "{909BA6F8-C1D9-4884-A928-B5AD8D741876}"
EndProject
Global
	GlobalSection(SolutionConfigurationPlatforms) = preSolution
		Debug|Any CPU = Debug|Any CPU
		Release|Any CPU = Release|Any CPU
	EndGlobalSection
	GlobalSection(ProjectConfigurationPlatforms) = postSolution
		{909BA6F8-C1D9-4884-A928-B5AD8D741876}.Debug|Any CPU.ActiveCfg = Debug|Any CPU
		{909BA6F8-C1D9-4884-A928-B5AD8D741876}.Debug|Any CPU.Build.0 = Debug|Any CPU
		{909BA6F8-C1D9-4884-A928-B5AD8D741876}.Release|Any CPU.ActiveCfg = Release|Any CPU
		{909BA6F8-C1D9-4884-A928-B5AD8D741876}.Release|Any CPU.Build.0 = Release|Any CPU
	EndGlobalSection
	GlobalSection(SolutionProperties) = preSolution
		HideSolutionNode = FALSE
	EndGlobalSection
	GlobalSection(ExtensibilityGlobals) = postSolution
		SolutionGuid = {C9E062E5-6D95-4388-94E3-40C780855662}
	EndGlobalSection
EndGlobal
